
Microsoft Visual Studio Solution File, Format Version 12.00
# Visual Studio Version 16
VisualStudioVersion = 16.0.29509.3
MinimumVisualStudioVersion = 10.0.40219.1
Project("{FAE04EC0-301F-11D3-BF4B-00C04F79EFBC}") = "Razor", "Razor\Razor.csproj", "{0F70888D-6874-452A-88E0-029B961FE274}"
EndProject
Global
	GlobalSection(SolutionConfigurationPlatforms) = preSolution
		Debug|Any CPU = Debug|Any CPU
		Release|Any CPU = Release|Any CPU
	EndGlobalSection
	GlobalSection(ProjectConfigurationPlatforms) = postSolution
		{0F70888D-6874-452A-88E0-029B961FE274}.Debug|Any CPU.ActiveCfg = Debug|Any CPU
		{0F70888D-6874-452A-88E0-029B961FE274}.Debug|Any CPU.Build.0 = Debug|Any CPU
		{0F70888D-6874-452A-88E0-029B961FE274}.Release|Any CPU.ActiveCfg = Release|Any CPU
		{0F70888D-6874-452A-88E0-029B961FE274}.Release|Any CPU.Build.0 = Release|Any CPU
	EndGlobalSection
	GlobalSection(SolutionProperties) = preSolution
		HideSolutionNode = FALSE
	EndGlobalSection
	GlobalSection(ExtensibilityGlobals) = postSolution
		SolutionGuid = {D20022BF-52E8-43CC-BA36-CD1E27A3B10D}
	EndGlobalSection
EndGlobal
